
Microsoft Visual Studio Solution File, Format Version 12.00
# Visual Studio 15
VisualStudioVersion = 15.0.28307.572
MinimumVisualStudioVersion = 10.0.40219.1
Project("{8BC9CEB8-8B4A-11D0-8D11-00A0C91BC942}") = "GridCtrlDemo", "GridCtrlDemo\GridCtrlDemo.vcxproj", "{638E7662-81AF-45B1-BAA2-A1E420BD30BE}"
EndProject
Global
	GlobalSection(SolutionConfigurationPlatforms) = preSolution
		Debug|x64 = Debug|x64
		Debug|x86 = Debug|x86
		Release|x64 = Release|x64
		Release|x86 = Release|x86
	EndGlobalSection
	GlobalSection(ProjectConfigurationPlatforms) = postSolution
		{638E7662-81AF-45B1-BAA2-A1E420BD30BE}.Debug|x64.ActiveCfg = Debug|x64
		{638E7662-81AF-45B1-BAA2-A1E420BD30BE}.Debug|x64.Build.0 = Debug|x64
		{638E7662-81AF-45B1-BAA2-A1E420BD30BE}.Debug|x86.ActiveCfg = Debug|Win32
		{638E7662-81AF-45B1-BAA2-A1E420BD30BE}.Debug|x86.Build.0 = Debug|Win32
		{638E7662-81AF-45B1-BAA2-A1E420BD30BE}.Release|x64.ActiveCfg = Release|x64
		{638E7662-81AF-45B1-BAA2-A1E420BD30BE}.Release|x64.Build.0 = Release|x64
		{638E7662-81AF-45B1-BAA2-A1E420BD30BE}.Release|x86.ActiveCfg = Release|Win32
		{638E7662-81AF-45B1-BAA2-A1E420BD30BE}.Release|x86.Build.0 = Release|Win32
	EndGlobalSection
	GlobalSection(SolutionProperties) = preSolution
		HideSolutionNode = FALSE
	EndGlobalSection
	GlobalSection(ExtensibilityGlobals) = postSolution
		SolutionGuid = {273B391D-D9FF-4AD2-8340-3656DD2BDBD4}
	EndGlobalSection
EndGlobal
